
Microsoft Visual Studio Solution File, Format Version 12.00
# Visual Studio Version 16
VisualStudioVersion = 16.0.31702.278
MinimumVisualStudioVersion = 10.0.40219.1
Project("{FAE04EC0-301F-11D3-BF4B-00C04F79EFBC}") = "лб4", "лб4.csproj", "{54EBE47E-A260-45F2-B3CB-03ECCEBA2023}"
EndProject
Global
	GlobalSection(SolutionConfigurationPlatforms) = preSolution
		Debug|Any CPU = Debug|Any CPU
		Release|Any CPU = Release|Any CPU
	EndGlobalSection
	GlobalSection(ProjectConfigurationPlatforms) = postSolution
		{54EBE47E-A260-45F2-B3CB-03ECCEBA2023}.Debug|Any CPU.ActiveCfg = Debug|Any CPU
		{54EBE47E-A260-45F2-B3CB-03ECCEBA2023}.Debug|Any CPU.Build.0 = Debug|Any CPU
		{54EBE47E-A260-45F2-B3CB-03ECCEBA2023}.Release|Any CPU.ActiveCfg = Release|Any CPU
		{54EBE47E-A260-45F2-B3CB-03ECCEBA2023}.Release|Any CPU.Build.0 = Release|Any CPU
	EndGlobalSection
	GlobalSection(SolutionProperties) = preSolution
		HideSolutionNode = FALSE
	EndGlobalSection
	GlobalSection(ExtensibilityGlobals) = postSolution
		SolutionGuid = {7B9E9B08-2912-4DE9-8D3C-2542D1BD88B5}
	EndGlobalSection
EndGlobal
